{
  "name": "remote-teacher-server",
  "version": "1.0.0",
  "lockfileVersion": 2,
  "requires": true,
  "packages": {
    "": {
      "name": "remote-teacher-server",
      "version": "1.0.0",
      "license": "ISC",
      "devDependencies": {
        "chrome-remote-interface": "^0.31.1",
        "nodejs-websocket": "^1.7.2",
        "silly-datetime": "^0.1.2",
        "ws": "^7.0.0"
      }
    },
    "node_modules/chrome-remote-interface": {
      "version": "0.31.1",
      "resolved": "https://registry.npmjs.org/chrome-remote-interface/-/chrome-remote-interface-0.31.1.tgz",
      "integrity": "sha512-cvNTnXfx4kYCaeh2sEKrdlqZsYRleACPL47O8LrrjihVfBQbfPmf03vVqSSm7SIeqyo2P77ZXovrBAs4D/nopQ==",
      "dev": true,
      "dependencies": {
        "commander": "2.11.x",
        "ws": "^7.2.0"
      },
      "bin": {
        "chrome-remote-interface": "bin/client.js"
      }
    },
    "node_modules/chrome-remote-interface/node_modules/commander": {
      "version": "2.11.0",
      "resolved": "https://registry.npmjs.org/commander/-/commander-2.11.0.tgz",
      "integrity": "sha512-b0553uYA5YAEGgyYIGYROzKQ7X5RAqedkfjiZxwi0kL1g3bOaBNNZfYkzt/CL0umgD5wc9Jec2FbB98CjkMRvQ==",
      "dev": true
    },
    "node_modules/nodejs-websocket": {
      "version": "1.7.2",
      "resolved": "https://registry.npmjs.org/nodejs-websocket/-/nodejs-websocket-1.7.2.tgz",
      "integrity": "sha512-PFX6ypJcCNDs7obRellR0DGTebfUhw1SXGKe2zpB+Ng1DQJhdzbzx1ob+AvJCLzy2TJF4r8cCDqMQqei1CZdPQ==",
      "dev": true,
      "engines": {
        "node": ">=4"
      }
    },
    "node_modules/silly-datetime": {
      "version": "0.1.2",
      "resolved": "https://registry.npmjs.org/silly-datetime/-/silly-datetime-0.1.2.tgz",
      "integrity": "sha1-IZeOjo2EgWFgY6wRL/FGk/BuuFs=",
      "dev": true
    },
    "node_modules/ws": {
      "version": "7.5.6",
      "resolved": "https://registry.npmjs.org/ws/-/ws-7.5.6.tgz",
      "integrity": "sha512-6GLgCqo2cy2A2rjCNFlxQS6ZljG/coZfZXclldI8FB/1G3CCI36Zd8xy2HrFVACi8tfk5XrgLQEk+P0Tnz9UcA==",
      "dev": true,
      "engines": {
        "node": ">=8.3.0"
      },
      "peerDependencies": {
        "bufferutil": "^4.0.1",
        "utf-8-validate": "^5.0.2"
      },
      "peerDependenciesMeta": {
        "bufferutil": {
          "optional": true
        },
        "utf-8-validate": {
          "optional": true
        }
      }
    }
  },
  "dependencies": {
    "chrome-remote-interface": {
      "version": "0.31.1",
      "resolved": "https://registry.npmjs.org/chrome-remote-interface/-/chrome-remote-interface-0.31.1.tgz",
      "integrity": "sha512-cvNTnXfx4kYCaeh2sEKrdlqZsYRleACPL47O8LrrjihVfBQbfPmf03vVqSSm7SIeqyo2P77ZXovrBAs4D/nopQ==",
      "dev": true,
      "requires": {
        "commander": "2.11.x",
        "ws": "^7.2.0"
      },
      "dependencies": {
        "commander": {
          "version": "2.11.0",
          "resolved": "https://registry.npmjs.org/commander/-/commander-2.11.0.tgz",
          "integrity": "sha512-b0553uYA5YAEGgyYIGYROzKQ7X5RAqedkfjiZxwi0kL1g3bOaBNNZfYkzt/CL0umgD5wc9Jec2FbB98CjkMRvQ==",
          "dev": true
        }
      }
    },
    "nodejs-websocket": {
      "version": "1.7.2",
      "resolved": "https://registry.npmjs.org/nodejs-websocket/-/nodejs-websocket-1.7.2.tgz",
      "integrity": "sha512-PFX6ypJcCNDs7obRellR0DGTebfUhw1SXGKe2zpB+Ng1DQJhdzbzx1ob+AvJCLzy2TJF4r8cCDqMQqei1CZdPQ==",
      "dev": true
    },
    "silly-datetime": {
      "version": "0.1.2",
      "resolved": "https://registry.npmjs.org/silly-datetime/-/silly-datetime-0.1.2.tgz",
      "integrity": "sha1-IZeOjo2EgWFgY6wRL/FGk/BuuFs=",
      "dev": true
    },
    "ws": {
      "version": "7.5.6",
      "resolved": "https://registry.npmjs.org/ws/-/ws-7.5.6.tgz",
      "integrity": "sha512-6GLgCqo2cy2A2rjCNFlxQS6ZljG/coZfZXclldI8FB/1G3CCI36Zd8xy2HrFVACi8tfk5XrgLQEk+P0Tnz9UcA==",
      "dev": true,
      "requires": {}
    }
  }
}
